
Microsoft Visual Studio Solution File, Format Version 12.00
Project("{2150E333-8FDC-42A3-9474-1A3956D46DE8}") = "Frontend", "Frontend", "{0ED6D23F-8908-446A-959A-A81CF6171727}"
EndProject
Project("{2150E333-8FDC-42A3-9474-1A3956D46DE8}") = "Backend", "Backend", "{EB064DBD-794E-43E0-BDF2-7191CA5576E3}"
EndProject
Project("{2150E333-8FDC-42A3-9474-1A3956D46DE8}") = "Modules", "Modules", "{B12C2D9E-C018-44AB-BE8C-6D6CBAE9DDA6}"
EndProject
Project("{2150E333-8FDC-42A3-9474-1A3956D46DE8}") = "Auth", "Auth", "{5150118E-7E3B-4117-878A-07B48153B351}"
EndProject
Project("{FAE04EC0-301F-11D3-BF4B-00C04F79EFBC}") = "Presentation", "Presentation\Presentation.csproj", "{FC5995E1-8A7A-4971-A4F9-FA54C7ACD8DC}"
EndProject
Project("{FAE04EC0-301F-11D3-BF4B-00C04F79EFBC}") = "Core", "Core\Core.csproj", "{0B976241-22C5-4B57-9FED-AD1563C6354E}"
EndProject
Project("{FAE04EC0-301F-11D3-BF4B-00C04F79EFBC}") = "Infrastructure", "Infrastructure\Infrastructure.csproj", "{5FB50CD2-E881-4443-AD36-01D4952104A5}"
EndProject
Project("{2150E333-8FDC-42A3-9474-1A3956D46DE8}") = "UserManagement", "UserManagement", "{15A212A4-1D38-4466-8152-F5A78878ADEC}"
EndProject
Project("{FAE04EC0-301F-11D3-BF4B-00C04F79EFBC}") = "Shared", "Shared\Shared.csproj", "{CDE4EE75-493B-4D3C-BA1B-574CB05A1781}"
EndProject
Global
	GlobalSection(SolutionConfigurationPlatforms) = preSolution
		Debug|Any CPU = Debug|Any CPU
		Release|Any CPU = Release|Any CPU
	EndGlobalSection
	GlobalSection(NestedProjects) = preSolution
		{B12C2D9E-C018-44AB-BE8C-6D6CBAE9DDA6} = {EB064DBD-794E-43E0-BDF2-7191CA5576E3}
		{5150118E-7E3B-4117-878A-07B48153B351} = {B12C2D9E-C018-44AB-BE8C-6D6CBAE9DDA6}
		{FC5995E1-8A7A-4971-A4F9-FA54C7ACD8DC} = {5150118E-7E3B-4117-878A-07B48153B351}
		{0B976241-22C5-4B57-9FED-AD1563C6354E} = {5150118E-7E3B-4117-878A-07B48153B351}
		{5FB50CD2-E881-4443-AD36-01D4952104A5} = {5150118E-7E3B-4117-878A-07B48153B351}
		{15A212A4-1D38-4466-8152-F5A78878ADEC} = {B12C2D9E-C018-44AB-BE8C-6D6CBAE9DDA6}
		{CDE4EE75-493B-4D3C-BA1B-574CB05A1781} = {B12C2D9E-C018-44AB-BE8C-6D6CBAE9DDA6}
	EndGlobalSection
	GlobalSection(ProjectConfigurationPlatforms) = postSolution
		{FC5995E1-8A7A-4971-A4F9-FA54C7ACD8DC}.Debug|Any CPU.ActiveCfg = Debug|Any CPU
		{FC5995E1-8A7A-4971-A4F9-FA54C7ACD8DC}.Debug|Any CPU.Build.0 = Debug|Any CPU
		{FC5995E1-8A7A-4971-A4F9-FA54C7ACD8DC}.Release|Any CPU.ActiveCfg = Release|Any CPU
		{FC5995E1-8A7A-4971-A4F9-FA54C7ACD8DC}.Release|Any CPU.Build.0 = Release|Any CPU
		{0B976241-22C5-4B57-9FED-AD1563C6354E}.Debug|Any CPU.ActiveCfg = Debug|Any CPU
		{0B976241-22C5-4B57-9FED-AD1563C6354E}.Debug|Any CPU.Build.0 = Debug|Any CPU
		{0B976241-22C5-4B57-9FED-AD1563C6354E}.Release|Any CPU.ActiveCfg = Release|Any CPU
		{0B976241-22C5-4B57-9FED-AD1563C6354E}.Release|Any CPU.Build.0 = Release|Any CPU
		{5FB50CD2-E881-4443-AD36-01D4952104A5}.Debug|Any CPU.ActiveCfg = Debug|Any CPU
		{5FB50CD2-E881-4443-AD36-01D4952104A5}.Debug|Any CPU.Build.0 = Debug|Any CPU
		{5FB50CD2-E881-4443-AD36-01D4952104A5}.Release|Any CPU.ActiveCfg = Release|Any CPU
		{5FB50CD2-E881-4443-AD36-01D4952104A5}.Release|Any CPU.Build.0 = Release|Any CPU
		{CDE4EE75-493B-4D3C-BA1B-574CB05A1781}.Debug|Any CPU.ActiveCfg = Debug|Any CPU
		{CDE4EE75-493B-4D3C-BA1B-574CB05A1781}.Debug|Any CPU.Build.0 = Debug|Any CPU
		{CDE4EE75-493B-4D3C-BA1B-574CB05A1781}.Release|Any CPU.ActiveCfg = Release|Any CPU
		{CDE4EE75-493B-4D3C-BA1B-574CB05A1781}.Release|Any CPU.Build.0 = Release|Any CPU
	EndGlobalSection
EndGlobal
